
Microsoft Visual Studio Solution File, Format Version 12.00
# Visual Studio Version 16
VisualStudioVersion = 16.0.30711.63
MinimumVisualStudioVersion = 10.0.40219.1
Project("{FAE04EC0-301F-11D3-BF4B-00C04F79EFBC}") = "Repository", "Repository\Repository.csproj", "{8A6B3F81-938E-4CB2-9C08-6A52C3BC7101}"
EndProject
Project("{FAE04EC0-301F-11D3-BF4B-00C04F79EFBC}") = "DevConsole", "DevConsole\DevConsole.csproj", "{1E4385DB-3CD9-471D-B566-3F69F6DFA2AD}"
EndProject
Global
	GlobalSection(SolutionConfigurationPlatforms) = preSolution
		Debug|Any CPU = Debug|Any CPU
		Release|Any CPU = Release|Any CPU
	EndGlobalSection
	GlobalSection(ProjectConfigurationPlatforms) = postSolution
		{8A6B3F81-938E-4CB2-9C08-6A52C3BC7101}.Debug|Any CPU.ActiveCfg = Debug|Any CPU
		{8A6B3F81-938E-4CB2-9C08-6A52C3BC7101}.Debug|Any CPU.Build.0 = Debug|Any CPU
		{8A6B3F81-938E-4CB2-9C08-6A52C3BC7101}.Release|Any CPU.ActiveCfg = Release|Any CPU
		{8A6B3F81-938E-4CB2-9C08-6A52C3BC7101}.Release|Any CPU.Build.0 = Release|Any CPU
		{1E4385DB-3CD9-471D-B566-3F69F6DFA2AD}.Debug|Any CPU.ActiveCfg = Debug|Any CPU
		{1E4385DB-3CD9-471D-B566-3F69F6DFA2AD}.Debug|Any CPU.Build.0 = Debug|Any CPU
		{1E4385DB-3CD9-471D-B566-3F69F6DFA2AD}.Release|Any CPU.ActiveCfg = Release|Any CPU
		{1E4385DB-3CD9-471D-B566-3F69F6DFA2AD}.Release|Any CPU.Build.0 = Release|Any CPU
	EndGlobalSection
	GlobalSection(SolutionProperties) = preSolution
		HideSolutionNode = FALSE
	EndGlobalSection
	GlobalSection(ExtensibilityGlobals) = postSolution
		SolutionGuid = {ACF9936A-9625-48D7-ABFB-518BF715BE78}
	EndGlobalSection
EndGlobal
